
Microsoft Visual Studio Solution File, Format Version 12.00
# Visual Studio Version 17
VisualStudioVersion = 17.10.35013.160
MinimumVisualStudioVersion = 10.0.40219.1
Project("{FAE04EC0-301F-11D3-BF4B-00C04F79EFBC}") = "DogDoorApp", "DogDoorApp.csproj", "{16FD8E5D-DB62-404D-B08B-22671C911AA6}"
EndProject
Global
	GlobalSection(SolutionConfigurationPlatforms) = preSolution
		Debug|Any CPU = Debug|Any CPU
		Release|Any CPU = Release|Any CPU
	EndGlobalSection
	GlobalSection(ProjectConfigurationPlatforms) = postSolution
		{16FD8E5D-DB62-404D-B08B-22671C911AA6}.Debug|Any CPU.ActiveCfg = Debug|Any CPU
		{16FD8E5D-DB62-404D-B08B-22671C911AA6}.Debug|Any CPU.Build.0 = Debug|Any CPU
		{16FD8E5D-DB62-404D-B08B-22671C911AA6}.Release|Any CPU.ActiveCfg = Release|Any CPU
		{16FD8E5D-DB62-404D-B08B-22671C911AA6}.Release|Any CPU.Build.0 = Release|Any CPU
	EndGlobalSection
	GlobalSection(SolutionProperties) = preSolution
		HideSolutionNode = FALSE
	EndGlobalSection
	GlobalSection(ExtensibilityGlobals) = postSolution
		SolutionGuid = {6CB33DB8-618D-4773-92CB-7723C276F45F}
	EndGlobalSection
EndGlobal
